
Microsoft Visual Studio Solution File, Format Version 12.00
# Visual Studio Version 17
VisualStudioVersion = 17.3.32901.215
MinimumVisualStudioVersion = 10.0.40219.1
Project("{8BC9CEB8-8B4A-11D0-8D11-00A0C91BC942}") = "22_09_28_002_Operadores_aritmeticos", "22_09_28_002_Operadores_aritmeticos.vcxproj", "{023325EF-D49C-40B3-A7FF-19FB3F04E900}"
EndProject
Global
	GlobalSection(SolutionConfigurationPlatforms) = preSolution
		Debug|x64 = Debug|x64
		Debug|x86 = Debug|x86
		Release|x64 = Release|x64
		Release|x86 = Release|x86
	EndGlobalSection
	GlobalSection(ProjectConfigurationPlatforms) = postSolution
		{023325EF-D49C-40B3-A7FF-19FB3F04E900}.Debug|x64.ActiveCfg = Debug|x64
		{023325EF-D49C-40B3-A7FF-19FB3F04E900}.Debug|x64.Build.0 = Debug|x64
		{023325EF-D49C-40B3-A7FF-19FB3F04E900}.Debug|x86.ActiveCfg = Debug|Win32
		{023325EF-D49C-40B3-A7FF-19FB3F04E900}.Debug|x86.Build.0 = Debug|Win32
		{023325EF-D49C-40B3-A7FF-19FB3F04E900}.Release|x64.ActiveCfg = Release|x64
		{023325EF-D49C-40B3-A7FF-19FB3F04E900}.Release|x64.Build.0 = Release|x64
		{023325EF-D49C-40B3-A7FF-19FB3F04E900}.Release|x86.ActiveCfg = Release|Win32
		{023325EF-D49C-40B3-A7FF-19FB3F04E900}.Release|x86.Build.0 = Release|Win32
	EndGlobalSection
	GlobalSection(SolutionProperties) = preSolution
		HideSolutionNode = FALSE
	EndGlobalSection
	GlobalSection(ExtensibilityGlobals) = postSolution
		SolutionGuid = {84C09FFC-2B64-4271-BA19-7217CE4D7DEF}
	EndGlobalSection
EndGlobal
